{
  "pins" : [
    {
      "identity" : "swift-argument-parser",
      "kind" : "remoteSourceControl",
      "location" : "https://github.com/apple/swift-argument-parser",
      "state" : {
        "revision" : "309a47b2b1d9b5e991f36961c983ecec72275be3",
        "version" : "1.6.1"
      }
    },
    {
      "identity" : "swiftcbor",
      "kind" : "remoteSourceControl",
      "location" : "https://github.com/valpackett/SwiftCBOR",
      "state" : {
        "revision" : "04ccff117f6549121d5721ec84fdf0162122b90e",
        "version" : "0.5.0"
      }
    }
  ],
  "version" : 2
}
